
Microsoft Visual Studio Solution File, Format Version 12.00
# Visual Studio Version 17
VisualStudioVersion = 17.8.34322.80
MinimumVisualStudioVersion = 10.0.40219.1
Project("{8BC9CEB8-8B4A-11D0-8D11-00A0C91BC942}") = "foo_post_playback", "foo_post_playback\foo_post_playback.vcxproj", "{FA5F2FDC-E321-44B2-84DE-4249D2DB549F}"
	ProjectSection(ProjectDependencies) = postProject
		{71AD2674-065B-48F5-B8B0-E1F9D3892081} = {71AD2674-065B-48F5-B8B0-E1F9D3892081}
		{7729EB82-4069-4414-964B-AD399091A03F} = {7729EB82-4069-4414-964B-AD399091A03F}
		{E8091321-D79D-4575-86EF-064EA1A4A20D} = {E8091321-D79D-4575-86EF-064EA1A4A20D}
		{EBFFFB4E-261D-44D3-B89C-957B31A0BF9C} = {EBFFFB4E-261D-44D3-B89C-957B31A0BF9C}
		{EE47764E-A202-4F85-A767-ABDAB4AFF35F} = {EE47764E-A202-4F85-A767-ABDAB4AFF35F}
	EndProjectSection
EndProject
Project("{8BC9CEB8-8B4A-11D0-8D11-00A0C91BC942}") = "pfc", "..\foo_testplugin\foo_testplugin\SDK-2023-09-23\pfc\pfc.vcxproj", "{EBFFFB4E-261D-44D3-B89C-957B31A0BF9C}"
EndProject
Project("{8BC9CEB8-8B4A-11D0-8D11-00A0C91BC942}") = "libPPUI", "..\foo_testplugin\foo_testplugin\SDK-2023-09-23\libPPUI\libPPUI.vcxproj", "{7729EB82-4069-4414-964B-AD399091A03F}"
EndProject
Project("{8BC9CEB8-8B4A-11D0-8D11-00A0C91BC942}") = "foobar2000_SDK", "..\foo_testplugin\foo_testplugin\SDK-2023-09-23\foobar2000\SDK\foobar2000_SDK.vcxproj", "{E8091321-D79D-4575-86EF-064EA1A4A20D}"
EndProject
Project("{8BC9CEB8-8B4A-11D0-8D11-00A0C91BC942}") = "foobar2000_sdk_helpers", "..\foo_testplugin\foo_testplugin\SDK-2023-09-23\foobar2000\helpers\foobar2000_sdk_helpers.vcxproj", "{EE47764E-A202-4F85-A767-ABDAB4AFF35F}"
EndProject
Project("{8BC9CEB8-8B4A-11D0-8D11-00A0C91BC942}") = "foobar2000_component_client", "..\foo_testplugin\foo_testplugin\SDK-2023-09-23\foobar2000\foobar2000_component_client\foobar2000_component_client.vcxproj", "{71AD2674-065B-48F5-B8B0-E1F9D3892081}"
EndProject
Global
	GlobalSection(SolutionConfigurationPlatforms) = preSolution
		Debug FB2K|ARM64 = Debug FB2K|ARM64
		Debug FB2K|ARM64EC = Debug FB2K|ARM64EC
		Debug FB2K|x64 = Debug FB2K|x64
		Debug FB2K|x86 = Debug FB2K|x86
		Debug|ARM64 = Debug|ARM64
		Debug|ARM64EC = Debug|ARM64EC
		Debug|x64 = Debug|x64
		Debug|x86 = Debug|x86
		Release FB2K|ARM64 = Release FB2K|ARM64
		Release FB2K|ARM64EC = Release FB2K|ARM64EC
		Release FB2K|x64 = Release FB2K|x64
		Release FB2K|x86 = Release FB2K|x86
		Release|ARM64 = Release|ARM64
		Release|ARM64EC = Release|ARM64EC
		Release|x64 = Release|x64
		Release|x86 = Release|x86
	EndGlobalSection
	GlobalSection(ProjectConfigurationPlatforms) = postSolution
		{FA5F2FDC-E321-44B2-84DE-4249D2DB549F}.Debug FB2K|ARM64.ActiveCfg = Debug|x64
		{FA5F2FDC-E321-44B2-84DE-4249D2DB549F}.Debug FB2K|ARM64.Build.0 = Debug|x64
		{FA5F2FDC-E321-44B2-84DE-4249D2DB549F}.Debug FB2K|ARM64EC.ActiveCfg = Debug|x64
		{FA5F2FDC-E321-44B2-84DE-4249D2DB549F}.Debug FB2K|ARM64EC.Build.0 = Debug|x64
		{FA5F2FDC-E321-44B2-84DE-4249D2DB549F}.Debug FB2K|x64.ActiveCfg = Debug|x64
		{FA5F2FDC-E321-44B2-84DE-4249D2DB549F}.Debug FB2K|x64.Build.0 = Debug|x64
		{FA5F2FDC-E321-44B2-84DE-4249D2DB549F}.Debug FB2K|x86.ActiveCfg = Debug|Win32
		{FA5F2FDC-E321-44B2-84DE-4249D2DB549F}.Debug FB2K|x86.Build.0 = Debug|Win32
		{FA5F2FDC-E321-44B2-84DE-4249D2DB549F}.Debug|ARM64.ActiveCfg = Debug|x64
		{FA5F2FDC-E321-44B2-84DE-4249D2DB549F}.Debug|ARM64.Build.0 = Debug|x64
		{FA5F2FDC-E321-44B2-84DE-4249D2DB549F}.Debug|ARM64EC.ActiveCfg = Debug|x64
		{FA5F2FDC-E321-44B2-84DE-4249D2DB549F}.Debug|ARM64EC.Build.0 = Debug|x64
		{FA5F2FDC-E321-44B2-84DE-4249D2DB549F}.Debug|x64.ActiveCfg = Debug|x64
		{FA5F2FDC-E321-44B2-84DE-4249D2DB549F}.Debug|x64.Build.0 = Debug|x64
		{FA5F2FDC-E321-44B2-84DE-4249D2DB549F}.Debug|x86.ActiveCfg = Debug|Win32
		{FA5F2FDC-E321-44B2-84DE-4249D2DB549F}.Debug|x86.Build.0 = Debug|Win32
		{FA5F2FDC-E321-44B2-84DE-4249D2DB549F}.Release FB2K|ARM64.ActiveCfg = Release|x64
		{FA5F2FDC-E321-44B2-84DE-4249D2DB549F}.Release FB2K|ARM64.Build.0 = Release|x64
		{FA5F2FDC-E321-44B2-84DE-4249D2DB549F}.Release FB2K|ARM64EC.ActiveCfg = Release|x64
		{FA5F2FDC-E321-44B2-84DE-4249D2DB549F}.Release FB2K|ARM64EC.Build.0 = Release|x64
		{FA5F2FDC-E321-44B2-84DE-4249D2DB549F}.Release FB2K|x64.ActiveCfg = Release|x64
		{FA5F2FDC-E321-44B2-84DE-4249D2DB549F}.Release FB2K|x64.Build.0 = Release|x64
		{FA5F2FDC-E321-44B2-84DE-4249D2DB549F}.Release FB2K|x86.ActiveCfg = Release|Win32
		{FA5F2FDC-E321-44B2-84DE-4249D2DB549F}.Release FB2K|x86.Build.0 = Release|Win32
		{FA5F2FDC-E321-44B2-84DE-4249D2DB549F}.Release|ARM64.ActiveCfg = Release|x64
		{FA5F2FDC-E321-44B2-84DE-4249D2DB549F}.Release|ARM64.Build.0 = Release|x64
		{FA5F2FDC-E321-44B2-84DE-4249D2DB549F}.Release|ARM64EC.ActiveCfg = Release|x64
		{FA5F2FDC-E321-44B2-84DE-4249D2DB549F}.Release|ARM64EC.Build.0 = Release|x64
		{FA5F2FDC-E321-44B2-84DE-4249D2DB549F}.Release|x64.ActiveCfg = Release|x64
		{FA5F2FDC-E321-44B2-84DE-4249D2DB549F}.Release|x64.Build.0 = Release|x64
		{FA5F2FDC-E321-44B2-84DE-4249D2DB549F}.Release|x86.ActiveCfg = Release|Win32
		{FA5F2FDC-E321-44B2-84DE-4249D2DB549F}.Release|x86.Build.0 = Release|Win32
		{EBFFFB4E-261D-44D3-B89C-957B31A0BF9C}.Debug FB2K|ARM64.ActiveCfg = Debug FB2K|ARM64
		{EBFFFB4E-261D-44D3-B89C-957B31A0BF9C}.Debug FB2K|ARM64.Build.0 = Debug FB2K|ARM64
		{EBFFFB4E-261D-44D3-B89C-957B31A0BF9C}.Debug FB2K|ARM64EC.ActiveCfg = Debug FB2K|ARM64EC
		{EBFFFB4E-261D-44D3-B89C-957B31A0BF9C}.Debug FB2K|ARM64EC.Build.0 = Debug FB2K|ARM64EC
		{EBFFFB4E-261D-44D3-B89C-957B31A0BF9C}.Debug FB2K|x64.ActiveCfg = Debug FB2K|x64
		{EBFFFB4E-261D-44D3-B89C-957B31A0BF9C}.Debug FB2K|x64.Build.0 = Debug FB2K|x64
		{EBFFFB4E-261D-44D3-B89C-957B31A0BF9C}.Debug FB2K|x86.ActiveCfg = Debug FB2K|Win32
		{EBFFFB4E-261D-44D3-B89C-957B31A0BF9C}.Debug FB2K|x86.Build.0 = Debug FB2K|Win32
		{EBFFFB4E-261D-44D3-B89C-957B31A0BF9C}.Debug|ARM64.ActiveCfg = Debug|ARM64
		{EBFFFB4E-261D-44D3-B89C-957B31A0BF9C}.Debug|ARM64.Build.0 = Debug|ARM64
		{EBFFFB4E-261D-44D3-B89C-957B31A0BF9C}.Debug|ARM64EC.ActiveCfg = Debug|ARM64EC
		{EBFFFB4E-261D-44D3-B89C-957B31A0BF9C}.Debug|ARM64EC.Build.0 = Debug|ARM64EC
		{EBFFFB4E-261D-44D3-B89C-957B31A0BF9C}.Debug|x64.ActiveCfg = Debug|x64
		{EBFFFB4E-261D-44D3-B89C-957B31A0BF9C}.Debug|x64.Build.0 = Debug|x64
		{EBFFFB4E-261D-44D3-B89C-957B31A0BF9C}.Debug|x86.ActiveCfg = Debug|Win32
		{EBFFFB4E-261D-44D3-B89C-957B31A0BF9C}.Debug|x86.Build.0 = Debug|Win32
		{EBFFFB4E-261D-44D3-B89C-957B31A0BF9C}.Release FB2K|ARM64.ActiveCfg = Release FB2K|ARM64
		{EBFFFB4E-261D-44D3-B89C-957B31A0BF9C}.Release FB2K|ARM64.Build.0 = Release FB2K|ARM64
		{EBFFFB4E-261D-44D3-B89C-957B31A0BF9C}.Release FB2K|ARM64EC.ActiveCfg = Release FB2K|ARM64EC
		{EBFFFB4E-261D-44D3-B89C-957B31A0BF9C}.Release FB2K|ARM64EC.Build.0 = Release FB2K|ARM64EC
		{EBFFFB4E-261D-44D3-B89C-957B31A0BF9C}.Release FB2K|x64.ActiveCfg = Release FB2K|x64
		{EBFFFB4E-261D-44D3-B89C-957B31A0BF9C}.Release FB2K|x64.Build.0 = Release FB2K|x64
		{EBFFFB4E-261D-44D3-B89C-957B31A0BF9C}.Release FB2K|x86.ActiveCfg = Release FB2K|Win32
		{EBFFFB4E-261D-44D3-B89C-957B31A0BF9C}.Release FB2K|x86.Build.0 = Release FB2K|Win32
		{EBFFFB4E-261D-44D3-B89C-957B31A0BF9C}.Release|ARM64.ActiveCfg = Release|ARM64
		{EBFFFB4E-261D-44D3-B89C-957B31A0BF9C}.Release|ARM64.Build.0 = Release|ARM64
		{EBFFFB4E-261D-44D3-B89C-957B31A0BF9C}.Release|ARM64EC.ActiveCfg = Release|ARM64EC
		{EBFFFB4E-261D-44D3-B89C-957B31A0BF9C}.Release|ARM64EC.Build.0 = Release|ARM64EC
		{EBFFFB4E-261D-44D3-B89C-957B31A0BF9C}.Release|x64.ActiveCfg = Release|x64
		{EBFFFB4E-261D-44D3-B89C-957B31A0BF9C}.Release|x64.Build.0 = Release|x64
		{EBFFFB4E-261D-44D3-B89C-957B31A0BF9C}.Release|x86.ActiveCfg = Release|Win32
		{EBFFFB4E-261D-44D3-B89C-957B31A0BF9C}.Release|x86.Build.0 = Release|Win32
		{7729EB82-4069-4414-964B-AD399091A03F}.Debug FB2K|ARM64.ActiveCfg = Debug|ARM64
		{7729EB82-4069-4414-964B-AD399091A03F}.Debug FB2K|ARM64.Build.0 = Debug|ARM64
		{7729EB82-4069-4414-964B-AD399091A03F}.Debug FB2K|ARM64EC.ActiveCfg = Debug|ARM64EC
		{7729EB82-4069-4414-964B-AD399091A03F}.Debug FB2K|ARM64EC.Build.0 = Debug|ARM64EC
		{7729EB82-4069-4414-964B-AD399091A03F}.Debug FB2K|x64.ActiveCfg = Debug|x64
		{7729EB82-4069-4414-964B-AD399091A03F}.Debug FB2K|x64.Build.0 = Debug|x64
		{7729EB82-4069-4414-964B-AD399091A03F}.Debug FB2K|x86.ActiveCfg = Debug|Win32
		{7729EB82-4069-4414-964B-AD399091A03F}.Debug FB2K|x86.Build.0 = Debug|Win32
		{7729EB82-4069-4414-964B-AD399091A03F}.Debug|ARM64.ActiveCfg = Debug|ARM64
		{7729EB82-4069-4414-964B-AD399091A03F}.Debug|ARM64.Build.0 = Debug|ARM64
		{7729EB82-4069-4414-964B-AD399091A03F}.Debug|ARM64EC.ActiveCfg = Debug|ARM64EC
		{7729EB82-4069-4414-964B-AD399091A03F}.Debug|ARM64EC.Build.0 = Debug|ARM64EC
		{7729EB82-4069-4414-964B-AD399091A03F}.Debug|x64.ActiveCfg = Debug|x64
		{7729EB82-4069-4414-964B-AD399091A03F}.Debug|x64.Build.0 = Debug|x64
		{7729EB82-4069-4414-964B-AD399091A03F}.Debug|x86.ActiveCfg = Debug|Win32
		{7729EB82-4069-4414-964B-AD399091A03F}.Debug|x86.Build.0 = Debug|Win32
		{7729EB82-4069-4414-964B-AD399091A03F}.Release FB2K|ARM64.ActiveCfg = Release|ARM64
		{7729EB82-4069-4414-964B-AD399091A03F}.Release FB2K|ARM64.Build.0 = Release|ARM64
		{7729EB82-4069-4414-964B-AD399091A03F}.Release FB2K|ARM64EC.ActiveCfg = Release|ARM64EC
		{7729EB82-4069-4414-964B-AD399091A03F}.Release FB2K|ARM64EC.Build.0 = Release|ARM64EC
		{7729EB82-4069-4414-964B-AD399091A03F}.Release FB2K|x64.ActiveCfg = Release|x64
		{7729EB82-4069-4414-964B-AD399091A03F}.Release FB2K|x64.Build.0 = Release|x64
		{7729EB82-4069-4414-964B-AD399091A03F}.Release FB2K|x86.ActiveCfg = Release|Win32
		{7729EB82-4069-4414-964B-AD399091A03F}.Release FB2K|x86.Build.0 = Release|Win32
		{7729EB82-4069-4414-964B-AD399091A03F}.Release|ARM64.ActiveCfg = Release|ARM64
		{7729EB82-4069-4414-964B-AD399091A03F}.Release|ARM64.Build.0 = Release|ARM64
		{7729EB82-4069-4414-964B-AD399091A03F}.Release|ARM64EC.ActiveCfg = Release|ARM64EC
		{7729EB82-4069-4414-964B-AD399091A03F}.Release|ARM64EC.Build.0 = Release|ARM64EC
		{7729EB82-4069-4414-964B-AD399091A03F}.Release|x64.ActiveCfg = Release|x64
		{7729EB82-4069-4414-964B-AD399091A03F}.Release|x64.Build.0 = Release|x64
		{7729EB82-4069-4414-964B-AD399091A03F}.Release|x86.ActiveCfg = Release|Win32
		{7729EB82-4069-4414-964B-AD399091A03F}.Release|x86.Build.0 = Release|Win32
		{E8091321-D79D-4575-86EF-064EA1A4A20D}.Debug FB2K|ARM64.ActiveCfg = Debug|ARM64
		{E8091321-D79D-4575-86EF-064EA1A4A20D}.Debug FB2K|ARM64.Build.0 = Debug|ARM64
		{E8091321-D79D-4575-86EF-064EA1A4A20D}.Debug FB2K|ARM64EC.ActiveCfg = Debug|ARM64EC
		{E8091321-D79D-4575-86EF-064EA1A4A20D}.Debug FB2K|ARM64EC.Build.0 = Debug|ARM64EC
		{E8091321-D79D-4575-86EF-064EA1A4A20D}.Debug FB2K|x64.ActiveCfg = Debug|x64
		{E8091321-D79D-4575-86EF-064EA1A4A20D}.Debug FB2K|x64.Build.0 = Debug|x64
		{E8091321-D79D-4575-86EF-064EA1A4A20D}.Debug FB2K|x86.ActiveCfg = Debug|Win32
		{E8091321-D79D-4575-86EF-064EA1A4A20D}.Debug FB2K|x86.Build.0 = Debug|Win32
		{E8091321-D79D-4575-86EF-064EA1A4A20D}.Debug|ARM64.ActiveCfg = Debug|ARM64
		{E8091321-D79D-4575-86EF-064EA1A4A20D}.Debug|ARM64.Build.0 = Debug|ARM64
		{E8091321-D79D-4575-86EF-064EA1A4A20D}.Debug|ARM64EC.ActiveCfg = Debug|ARM64EC
		{E8091321-D79D-4575-86EF-064EA1A4A20D}.Debug|ARM64EC.Build.0 = Debug|ARM64EC
		{E8091321-D79D-4575-86EF-064EA1A4A20D}.Debug|x64.ActiveCfg = Debug|x64
		{E8091321-D79D-4575-86EF-064EA1A4A20D}.Debug|x64.Build.0 = Debug|x64
		{E8091321-D79D-4575-86EF-064EA1A4A20D}.Debug|x86.ActiveCfg = Debug|Win32
		{E8091321-D79D-4575-86EF-064EA1A4A20D}.Debug|x86.Build.0 = Debug|Win32
		{E8091321-D79D-4575-86EF-064EA1A4A20D}.Release FB2K|ARM64.ActiveCfg = Release|ARM64
		{E8091321-D79D-4575-86EF-064EA1A4A20D}.Release FB2K|ARM64.Build.0 = Release|ARM64
		{E8091321-D79D-4575-86EF-064EA1A4A20D}.Release FB2K|ARM64EC.ActiveCfg = Release|ARM64EC
		{E8091321-D79D-4575-86EF-064EA1A4A20D}.Release FB2K|ARM64EC.Build.0 = Release|ARM64EC
		{E8091321-D79D-4575-86EF-064EA1A4A20D}.Release FB2K|x64.ActiveCfg = Release|x64
		{E8091321-D79D-4575-86EF-064EA1A4A20D}.Release FB2K|x64.Build.0 = Release|x64
		{E8091321-D79D-4575-86EF-064EA1A4A20D}.Release FB2K|x86.ActiveCfg = Release|Win32
		{E8091321-D79D-4575-86EF-064EA1A4A20D}.Release FB2K|x86.Build.0 = Release|Win32
		{E8091321-D79D-4575-86EF-064EA1A4A20D}.Release|ARM64.ActiveCfg = Release|ARM64
		{E8091321-D79D-4575-86EF-064EA1A4A20D}.Release|ARM64.Build.0 = Release|ARM64
		{E8091321-D79D-4575-86EF-064EA1A4A20D}.Release|ARM64EC.ActiveCfg = Release|ARM64EC
		{E8091321-D79D-4575-86EF-064EA1A4A20D}.Release|ARM64EC.Build.0 = Release|ARM64EC
		{E8091321-D79D-4575-86EF-064EA1A4A20D}.Release|x64.ActiveCfg = Release|x64
		{E8091321-D79D-4575-86EF-064EA1A4A20D}.Release|x64.Build.0 = Release|x64
		{E8091321-D79D-4575-86EF-064EA1A4A20D}.Release|x86.ActiveCfg = Release|Win32
		{E8091321-D79D-4575-86EF-064EA1A4A20D}.Release|x86.Build.0 = Release|Win32
		{EE47764E-A202-4F85-A767-ABDAB4AFF35F}.Debug FB2K|ARM64.ActiveCfg = Debug|ARM64
		{EE47764E-A202-4F85-A767-ABDAB4AFF35F}.Debug FB2K|ARM64.Build.0 = Debug|ARM64
		{EE47764E-A202-4F85-A767-ABDAB4AFF35F}.Debug FB2K|ARM64EC.ActiveCfg = Debug|ARM64EC
		{EE47764E-A202-4F85-A767-ABDAB4AFF35F}.Debug FB2K|ARM64EC.Build.0 = Debug|ARM64EC
		{EE47764E-A202-4F85-A767-ABDAB4AFF35F}.Debug FB2K|x64.ActiveCfg = Debug|x64
		{EE47764E-A202-4F85-A767-ABDAB4AFF35F}.Debug FB2K|x64.Build.0 = Debug|x64
		{EE47764E-A202-4F85-A767-ABDAB4AFF35F}.Debug FB2K|x86.ActiveCfg = Debug|Win32
		{EE47764E-A202-4F85-A767-ABDAB4AFF35F}.Debug FB2K|x86.Build.0 = Debug|Win32
		{EE47764E-A202-4F85-A767-ABDAB4AFF35F}.Debug|ARM64.ActiveCfg = Debug|ARM64
		{EE47764E-A202-4F85-A767-ABDAB4AFF35F}.Debug|ARM64.Build.0 = Debug|ARM64
		{EE47764E-A202-4F85-A767-ABDAB4AFF35F}.Debug|ARM64EC.ActiveCfg = Debug|ARM64EC
		{EE47764E-A202-4F85-A767-ABDAB4AFF35F}.Debug|ARM64EC.Build.0 = Debug|ARM64EC
		{EE47764E-A202-4F85-A767-ABDAB4AFF35F}.Debug|x64.ActiveCfg = Debug|x64
		{EE47764E-A202-4F85-A767-ABDAB4AFF35F}.Debug|x64.Build.0 = Debug|x64
		{EE47764E-A202-4F85-A767-ABDAB4AFF35F}.Debug|x86.ActiveCfg = Debug|Win32
		{EE47764E-A202-4F85-A767-ABDAB4AFF35F}.Debug|x86.Build.0 = Debug|Win32
		{EE47764E-A202-4F85-A767-ABDAB4AFF35F}.Release FB2K|ARM64.ActiveCfg = Release|ARM64
		{EE47764E-A202-4F85-A767-ABDAB4AFF35F}.Release FB2K|ARM64.Build.0 = Release|ARM64
		{EE47764E-A202-4F85-A767-ABDAB4AFF35F}.Release FB2K|ARM64EC.ActiveCfg = Release|ARM64EC
		{EE47764E-A202-4F85-A767-ABDAB4AFF35F}.Release FB2K|ARM64EC.Build.0 = Release|ARM64EC
		{EE47764E-A202-4F85-A767-ABDAB4AFF35F}.Release FB2K|x64.ActiveCfg = Release|x64
		{EE47764E-A202-4F85-A767-ABDAB4AFF35F}.Release FB2K|x64.Build.0 = Release|x64
		{EE47764E-A202-4F85-A767-ABDAB4AFF35F}.Release FB2K|x86.ActiveCfg = Release|Win32
		{EE47764E-A202-4F85-A767-ABDAB4AFF35F}.Release FB2K|x86.Build.0 = Release|Win32
		{EE47764E-A202-4F85-A767-ABDAB4AFF35F}.Release|ARM64.ActiveCfg = Release|ARM64
		{EE47764E-A202-4F85-A767-ABDAB4AFF35F}.Release|ARM64.Build.0 = Release|ARM64
		{EE47764E-A202-4F85-A767-ABDAB4AFF35F}.Release|ARM64EC.ActiveCfg = Release|ARM64EC
		{EE47764E-A202-4F85-A767-ABDAB4AFF35F}.Release|ARM64EC.Build.0 = Release|ARM64EC
		{EE47764E-A202-4F85-A767-ABDAB4AFF35F}.Release|x64.ActiveCfg = Release|x64
		{EE47764E-A202-4F85-A767-ABDAB4AFF35F}.Release|x64.Build.0 = Release|x64
		{EE47764E-A202-4F85-A767-ABDAB4AFF35F}.Release|x86.ActiveCfg = Release|Win32
		{EE47764E-A202-4F85-A767-ABDAB4AFF35F}.Release|x86.Build.0 = Release|Win32
		{71AD2674-065B-48F5-B8B0-E1F9D3892081}.Debug FB2K|ARM64.ActiveCfg = Debug|ARM64
		{71AD2674-065B-48F5-B8B0-E1F9D3892081}.Debug FB2K|ARM64.Build.0 = Debug|ARM64
		{71AD2674-065B-48F5-B8B0-E1F9D3892081}.Debug FB2K|ARM64EC.ActiveCfg = Debug|ARM64EC
		{71AD2674-065B-48F5-B8B0-E1F9D3892081}.Debug FB2K|ARM64EC.Build.0 = Debug|ARM64EC
		{71AD2674-065B-48F5-B8B0-E1F9D3892081}.Debug FB2K|x64.ActiveCfg = Debug|x64
		{71AD2674-065B-48F5-B8B0-E1F9D3892081}.Debug FB2K|x64.Build.0 = Debug|x64
		{71AD2674-065B-48F5-B8B0-E1F9D3892081}.Debug FB2K|x86.ActiveCfg = Debug|Win32
		{71AD2674-065B-48F5-B8B0-E1F9D3892081}.Debug FB2K|x86.Build.0 = Debug|Win32
		{71AD2674-065B-48F5-B8B0-E1F9D3892081}.Debug|ARM64.ActiveCfg = Debug|ARM64
		{71AD2674-065B-48F5-B8B0-E1F9D3892081}.Debug|ARM64.Build.0 = Debug|ARM64
		{71AD2674-065B-48F5-B8B0-E1F9D3892081}.Debug|ARM64EC.ActiveCfg = Debug|ARM64EC
		{71AD2674-065B-48F5-B8B0-E1F9D3892081}.Debug|ARM64EC.Build.0 = Debug|ARM64EC
		{71AD2674-065B-48F5-B8B0-E1F9D3892081}.Debug|x64.ActiveCfg = Debug|x64
		{71AD2674-065B-48F5-B8B0-E1F9D3892081}.Debug|x64.Build.0 = Debug|x64
		{71AD2674-065B-48F5-B8B0-E1F9D3892081}.Debug|x86.ActiveCfg = Debug|Win32
		{71AD2674-065B-48F5-B8B0-E1F9D3892081}.Debug|x86.Build.0 = Debug|Win32
		{71AD2674-065B-48F5-B8B0-E1F9D3892081}.Release FB2K|ARM64.ActiveCfg = Release|ARM64
		{71AD2674-065B-48F5-B8B0-E1F9D3892081}.Release FB2K|ARM64.Build.0 = Release|ARM64
		{71AD2674-065B-48F5-B8B0-E1F9D3892081}.Release FB2K|ARM64EC.ActiveCfg = Release|ARM64EC
		{71AD2674-065B-48F5-B8B0-E1F9D3892081}.Release FB2K|ARM64EC.Build.0 = Release|ARM64EC
		{71AD2674-065B-48F5-B8B0-E1F9D3892081}.Release FB2K|x64.ActiveCfg = Release|x64
		{71AD2674-065B-48F5-B8B0-E1F9D3892081}.Release FB2K|x64.Build.0 = Release|x64
		{71AD2674-065B-48F5-B8B0-E1F9D3892081}.Release FB2K|x86.ActiveCfg = Release|Win32
		{71AD2674-065B-48F5-B8B0-E1F9D3892081}.Release FB2K|x86.Build.0 = Release|Win32
		{71AD2674-065B-48F5-B8B0-E1F9D3892081}.Release|ARM64.ActiveCfg = Release|ARM64
		{71AD2674-065B-48F5-B8B0-E1F9D3892081}.Release|ARM64.Build.0 = Release|ARM64
		{71AD2674-065B-48F5-B8B0-E1F9D3892081}.Release|ARM64EC.ActiveCfg = Release|ARM64EC
		{71AD2674-065B-48F5-B8B0-E1F9D3892081}.Release|ARM64EC.Build.0 = Release|ARM64EC
		{71AD2674-065B-48F5-B8B0-E1F9D3892081}.Release|x64.ActiveCfg = Release|x64
		{71AD2674-065B-48F5-B8B0-E1F9D3892081}.Release|x64.Build.0 = Release|x64
		{71AD2674-065B-48F5-B8B0-E1F9D3892081}.Release|x86.ActiveCfg = Release|Win32
		{71AD2674-065B-48F5-B8B0-E1F9D3892081}.Release|x86.Build.0 = Release|Win32
	EndGlobalSection
	GlobalSection(SolutionProperties) = preSolution
		HideSolutionNode = FALSE
	EndGlobalSection
	GlobalSection(ExtensibilityGlobals) = postSolution
		SolutionGuid = {A0866595-B451-48C6-B1F4-5BE1BB8C9324}
	EndGlobalSection
EndGlobal
